
Microsoft Visual Studio Solution File, Format Version 12.00
# Visual Studio Version 17
VisualStudioVersion = 17.14.36310.24
MinimumVisualStudioVersion = 10.0.40219.1
Project("{FAE04EC0-301F-11D3-BF4B-00C04F79EFBC}") = "Webvoto.ElectionAuditor.Site", "Site\Webvoto.ElectionAuditor.Site.csproj", "{386E0A38-5379-43E0-AD7B-53EDA0C1E1B0}"
EndProject
Project("{FAE04EC0-301F-11D3-BF4B-00C04F79EFBC}") = "Webvoto.ElectionAuditor.Api", "Api\Webvoto.ElectionAuditor.Api.csproj", "{2CC17735-8E5C-4838-8639-675FEBC362A0}"
EndProject
Global
	GlobalSection(SolutionConfigurationPlatforms) = preSolution
		Debug|Any CPU = Debug|Any CPU
		Release|Any CPU = Release|Any CPU
	EndGlobalSection
	GlobalSection(ProjectConfigurationPlatforms) = postSolution
		{386E0A38-5379-43E0-AD7B-53EDA0C1E1B0}.Debug|Any CPU.ActiveCfg = Debug|Any CPU
		{386E0A38-5379-43E0-AD7B-53EDA0C1E1B0}.Debug|Any CPU.Build.0 = Debug|Any CPU
		{386E0A38-5379-43E0-AD7B-53EDA0C1E1B0}.Release|Any CPU.ActiveCfg = Release|Any CPU
		{386E0A38-5379-43E0-AD7B-53EDA0C1E1B0}.Release|Any CPU.Build.0 = Release|Any CPU
		{2CC17735-8E5C-4838-8639-675FEBC362A0}.Debug|Any CPU.ActiveCfg = Debug|Any CPU
		{2CC17735-8E5C-4838-8639-675FEBC362A0}.Debug|Any CPU.Build.0 = Debug|Any CPU
		{2CC17735-8E5C-4838-8639-675FEBC362A0}.Release|Any CPU.ActiveCfg = Release|Any CPU
		{2CC17735-8E5C-4838-8639-675FEBC362A0}.Release|Any CPU.Build.0 = Release|Any CPU
	EndGlobalSection
	GlobalSection(SolutionProperties) = preSolution
		HideSolutionNode = FALSE
	EndGlobalSection
	GlobalSection(ExtensibilityGlobals) = postSolution
		SolutionGuid = {90108132-863A-48A3-97DF-6296ACD141F1}
	EndGlobalSection
EndGlobal
